// !$*UTF8*$!
{
	archiveVersion = 1;
	classes = {
	};
	objectVersion = 55;
	objects = {

/* Begin PBXBuildFile section */
		40C08DF827767025001E93DE /* messageBoxApp.swift in Sources */ = {isa = PBXBuildFile; fileRef = 40C08DF727767025001E93DE /* messageBoxApp.swift */; };
		40C08DFA27767025001E93DE /* ContentView.swift in Sources */ = {isa = PBXBuildFile; fileRef = 40C08DF927767025001E93DE /* ContentView.swift */; };
		40C08DFC27767026001E93DE /* Assets.xcassets in Resources */ = {isa = PBXBuildFile; fileRef = 40C08DFB27767026001E93DE /* Assets.xcassets */; };
		40C08DFF27767026001E93DE /* Preview Assets.xcassets in Resources */ = {isa = PBXBuildFile; fileRef = 40C08DFE27767026001E93DE /* Preview Assets.xcassets */; };
		40C08E0927767026001E93DE /* messageBoxTests.swift in Sources */ = {isa = PBXBuildFile; fileRef = 40C08E0827767026001E93DE /* messageBoxTests.swift */; };
		40C08E1327767026001E93DE /* messageBoxUITests.swift in Sources */ = {isa = PBXBuildFile; fileRef = 40C08E1227767026001E93DE /* messageBoxUITests.swift */; };
		40C08E1527767026001E93DE /* messageBoxUITestsLaunchTests.swift in Sources */ = {isa = PBXBuildFile; fileRef = 40C08E1427767026001E93DE /* messageBoxUITestsLaunchTests.swift */; };
/* End PBXBuildFile section */

/* Begin PBXContainerItemProxy section */
		40C08E0527767026001E93DE /* PBXContainerItemProxy */ = {
			isa = PBXContainerItemProxy;
			containerPortal = 40C08DEC27767025001E93DE /* Project object */;
			proxyType = 1;
			remoteGlobalIDString = 40C08DF327767025001E93DE;
			remoteInfo = messageBox;
		};
		40C08E0F27767026001E93DE /* PBXContainerItemProxy */ = {
			isa = PBXContainerItemProxy;
			containerPortal = 40C08DEC27767025001E93DE /* Project object */;
			proxyType = 1;
			remoteGlobalIDString = 40C08DF327767025001E93DE;
			remoteInfo = messageBox;
		};
/* End PBXContainerItemProxy section */

/* Begin PBXFileReference section */
		40C08DF427767025001E93DE /* messageBox.app */ = {isa = PBXFileReference; explicitFileType = wrapper.application; includeInIndex = 0; path = messageBox.app; sourceTree = BUILT_PRODUCTS_DIR; };
		40C08DF727767025001E93DE /* messageBoxApp.swift */ = {isa = PBXFileReference; lastKnownFileType = sourcecode.swift; path = messageBoxApp.swift; sourceTree = "<group>"; };
		40C08DF927767025001E93DE /* ContentView.swift */ = {isa = PBXFileReference; lastKnownFileType = sourcecode.swift; path = ContentView.swift; sourceTree = "<group>"; };
		40C08DFB27767026001E93DE /* Assets.xcassets */ = {isa = PBXFileReference; lastKnownFileType = folder.assetcatalog; path = Assets.xcassets; sourceTree = "<group>"; };
		40C08DFE27767026001E93DE /* Preview Assets.xcassets */ = {isa = PBXFileReference; lastKnownFileType = folder.assetcatalog; path = "Preview Assets.xcassets"; sourceTree = "<group>"; };
		40C08E0427767026001E93DE /* messageBoxTests.xctest */ = {isa = PBXFileReference; explicitFileType = wrapper.cfbundle; includeInIndex = 0; path = messageBoxTests.xctest; sourceTree = BUILT_PRODUCTS_DIR; };
		40C08E0827767026001E93DE /* messageBoxTests.swift */ = {isa = PBXFileReference; lastKnownFileType = sourcecode.swift; path = messageBoxTests.swift; sourceTree = "<group>"; };
		40C08E0E27767026001E93DE /* messageBoxUITests.xctest */ = {isa = PBXFileReference; explicitFileType = wrapper.cfbundle; includeInIndex = 0; path = messageBoxUITests.xctest; sourceTree = BUILT_PRODUCTS_DIR; };
		40C08E1227767026001E93DE /* messageBoxUITests.swift */ = {isa = PBXFileReference; lastKnownFileType = sourcecode.swift; path = messageBoxUITests.swift; sourceTree = "<group>"; };
		40C08E1427767026001E93DE /* messageBoxUITestsLaunchTests.swift */ = {isa = PBXFileReference; lastKnownFileType = sourcecode.swift; path = messageBoxUITestsLaunchTests.swift; sourceTree = "<group>"; };
/* End PBXFileReference section */

/* Begin PBXFrameworksBuildPhase section */
		40C08DF127767025001E93DE /* Frameworks */ = {
			isa = PBXFrameworksBuildPhase;
			buildActionMask = 2147483647;
			files = (
			);
			runOnlyForDeploymentPostprocessing = 0;
		};
		40C08E0127767026001E93DE /* Frameworks */ = {
			isa = PBXFrameworksBuildPhase;
			buildActionMask = 2147483647;
			files = (
			);
			runOnlyForDeploymentPostprocessing = 0;
		};
		40C08E0B27767026001E93DE /* Frameworks */ = {
			isa = PBXFrameworksBuildPhase;
			buildActionMask = 2147483647;
			files = (
			);
			runOnlyForDeploymentPostprocessing = 0;
		};
/* End PBXFrameworksBuildPhase section */

/* Begin PBXGroup section */
		40C08DEB27767025001E93DE = {
			isa = PBXGroup;
			children = (
				40C08DF627767025001E93DE /* messageBox */,
				40C08E0727767026001E93DE /* messageBoxTests */,
				40C08E1127767026001E93DE /* messageBoxUITests */,
				40C08DF527767025001E93DE /* Products */,
			);
			sourceTree = "<group>";
		};
		40C08DF527767025001E93DE /* Products */ = {
			isa = PBXGroup;
			children = (
				40C08DF427767025001E93DE /* messageBox.app */,
				40C08E0427767026001E93DE /* messageBoxTests.xctest */,
				40C08E0E27767026001E93DE /* messageBoxUITests.xctest */,
			);
			name = Products;
			sourceTree = "<group>";
		};
		40C08DF627767025001E93DE /* messageBox */ = {
			isa = PBXGroup;
			children = (
				40C08DF727767025001E93DE /* messageBoxApp.swift */,
				40C08DF927767025001E93DE /* ContentView.swift */,
				40C08DFB27767026001E93DE /* Assets.xcassets */,
				40C08DFD27767026001E93DE /* Preview Content */,
			);
			path = messageBox;
			sourceTree = "<group>";
		};
		40C08DFD27767026001E93DE /* Preview Content */ = {
			isa = PBXGroup;
			children = (
				40C08DFE27767026001E93DE /* Preview Assets.xcassets */,
			);
			path = "Preview Content";
			sourceTree = "<group>";
		};
		40C08E0727767026001E93DE /* messageBoxTests */ = {
			isa = PBXGroup;
			children = (
				40C08E0827767026001E93DE /* messageBoxTests.swift */,
			);
			path = messageBoxTests;
			sourceTree = "<group>";
		};
		40C08E1127767026001E93DE /* messageBoxUITests */ = {
			isa = PBXGroup;
			children = (
				40C08E1227767026001E93DE /* messageBoxUITests.swift */,
				40C08E1427767026001E93DE /* messageBoxUITestsLaunchTests.swift */,
			);
			path = messageBoxUITests;
			sourceTree = "<group>";
		};
/* End PBXGroup section */

/* Begin PBXNativeTarget section */
		40C08DF327767025001E93DE /* messageBox */ = {
			isa = PBXNativeTarget;
			buildConfigurationList = 40C08E1827767026001E93DE /* Build configuration list for PBXNativeTarget "messageBox" */;
			buildPhases = (
				40C08DF027767025001E93DE /* Sources */,
				40C08DF127767025001E93DE /* Frameworks */,
				40C08DF227767025001E93DE /* Resources */,
			);
			buildRules = (
			);
			dependencies = (
			);
			name = messageBox;
			productName = messageBox;
			productReference = 40C08DF427767025001E93DE /* messageBox.app */;
			productType = "com.apple.product-type.application";
		};
		40C08E0327767026001E93DE /* messageBoxTests */ = {
			isa = PBXNativeTarget;
			buildConfigurationList = 40C08E1B27767026001E93DE /* Build configuration list for PBXNativeTarget "messageBoxTests" */;
			buildPhases = (
				40C08E0027767026001E93DE /* Sources */,
				40C08E0127767026001E93DE /* Frameworks */,
				40C08E0227767026001E93DE /* Resources */,
			);
			buildRules = (
			);
			dependencies = (
				40C08E0627767026001E93DE /* PBXTargetDependency */,
			);
			name = messageBoxTests;
			productName = messageBoxTests;
			productReference = 40C08E0427767026001E93DE /* messageBoxTests.xctest */;
			productType = "com.apple.product-type.bundle.unit-test";
		};
		40C08E0D27767026001E93DE /* messageBoxUITests */ = {
			isa = PBXNativeTarget;
			buildConfigurationList = 40C08E1E27767026001E93DE /* Build configuration list for PBXNativeTarget "messageBoxUITests" */;
			buildPhases = (
				40C08E0A27767026001E93DE /* Sources */,
				40C08E0B27767026001E93DE /* Frameworks */,
				40C08E0C27767026001E93DE /* Resources */,
			);
			buildRules = (
			);
			dependencies = (
				40C08E1027767026001E93DE /* PBXTargetDependency */,
			);
			name = messageBoxUITests;
			productName = messageBoxUITests;
			productReference = 40C08E0E27767026001E93DE /* messageBoxUITests.xctest */;
			productType = "com.apple.product-type.bundle.ui-testing";
		};
/* End PBXNativeTarget section */

/* Begin PBXProject section */
		40C08DEC27767025001E93DE /* Project object */ = {
			isa = PBXProject;
			attributes = {
				BuildIndependentTargetsInParallel = 1;
				LastSwiftUpdateCheck = 1320;
				LastUpgradeCheck = 1320;
				TargetAttributes = {
					40C08DF327767025001E93DE = {
						CreatedOnToolsVersion = 13.2.1;
					};
					40C08E0327767026001E93DE = {
						CreatedOnToolsVersion = 13.2.1;
						TestTargetID = 40C08DF327767025001E93DE;
					};
					40C08E0D27767026001E93DE = {
						CreatedOnToolsVersion = 13.2.1;
						TestTargetID = 40C08DF327767025001E93DE;
					};
				};
			};
			buildConfigurationList = 40C08DEF27767025001E93DE /* Build configuration list for PBXProject "messageBox" */;
			compatibilityVersion = "Xcode 13.0";
			developmentRegion = en;
			hasScannedForEncodings = 0;
			knownRegions = (
				en,
				Base,
			);
			mainGroup = 40C08DEB27767025001E93DE;
			productRefGroup = 40C08DF527767025001E93DE /* Products */;
			projectDirPath = "";
			projectRoot = "";
			targets = (
				40C08DF327767025001E93DE /* messageBox */,
				40C08E0327767026001E93DE /* messageBoxTests */,
				40C08E0D27767026001E93DE /* messageBoxUITests */,
			);
		};
/* End PBXProject section */

/* Begin PBXResourcesBuildPhase section */
		40C08DF227767025001E93DE /* Resources */ = {
			isa = PBXResourcesBuildPhase;
			buildActionMask = 2147483647;
			files = (
				40C08DFF27767026001E93DE /* Preview Assets.xcassets in Resources */,
				40C08DFC27767026001E93DE /* Assets.xcassets in Resources */,
			);
			runOnlyForDeploymentPostprocessing = 0;
		};
		40C08E0227767026001E93DE /* Resources */ = {
			isa = PBXResourcesBuildPhase;
			buildActionMask = 2147483647;
			files = (
			);
			runOnlyForDeploymentPostprocessing = 0;
		};
		40C08E0C27767026001E93DE /* Resources */ = {
			isa = PBXResourcesBuildPhase;
			buildActionMask = 2147483647;
			files = (
			);
			runOnlyForDeploymentPostprocessing = 0;
		};
/* End PBXResourcesBuildPhase section */

/* Begin PBXSourcesBuildPhase section */
		40C08DF027767025001E93DE /* Sources */ = {
			isa = PBXSourcesBuildPhase;
			buildActionMask = 2147483647;
			files = (
				40C08DFA27767025001E93DE /* ContentView.swift in Sources */,
				40C08DF827767025001E93DE /* messageBoxApp.swift in Sources */,
			);
			runOnlyForDeploymentPostprocessing = 0;
		};
		40C08E0027767026001E93DE /* Sources */ = {
			isa = PBXSourcesBuildPhase;
			buildActionMask = 2147483647;
			files = (
				40C08E0927767026001E93DE /* messageBoxTests.swift in Sources */,
			);
			runOnlyForDeploymentPostprocessing = 0;
		};
		40C08E0A27767026001E93DE /* Sources */ = {
			isa = PBXSourcesBuildPhase;
			buildActionMask = 2147483647;
			files = (
				40C08E1527767026001E93DE /* messageBoxUITestsLaunchTests.swift in Sources */,
				40C08E1327767026001E93DE /* messageBoxUITests.swift in Sources */,
			);
			runOnlyForDeploymentPostprocessing = 0;
		};
/* End PBXSourcesBuildPhase section */

/* Begin PBXTargetDependency section */
		40C08E0627767026001E93DE /* PBXTargetDependency */ = {
			isa = PBXTargetDependency;
			target = 40C08DF327767025001E93DE /* messageBox */;
			targetProxy = 40C08E0527767026001E93DE /* PBXContainerItemProxy */;
		};
		40C08E1027767026001E93DE /* PBXTargetDependency */ = {
			isa = PBXTargetDependency;
			target = 40C08DF327767025001E93DE /* messageBox */;
			targetProxy = 40C08E0F27767026001E93DE /* PBXContainerItemProxy */;
		};
/* End PBXTargetDependency section */

/* Begin XCBuildConfiguration section */
		40C08E1627767026001E93DE /* Debug */ = {
			isa = XCBuildConfiguration;
			buildSettings = {
				ALWAYS_SEARCH_USER_PATHS = NO;
				CLANG_ANALYZER_NONNULL = YES;
				CLANG_ANALYZER_NUMBER_OBJECT_CONVERSION = YES_AGGRESSIVE;
				CLANG_CXX_LANGUAGE_STANDARD = "gnu++17";
				CLANG_CXX_LIBRARY = "libc++";
				CLANG_ENABLE_MODULES = YES;
				CLANG_ENABLE_OBJC_ARC = YES;
				CLANG_ENABLE_OBJC_WEAK = YES;
				CLANG_WARN_BLOCK_CAPTURE_AUTORELEASING = YES;
				CLANG_WARN_BOOL_CONVERSION = YES;
				CLANG_WARN_COMMA = YES;
				CLANG_WARN_CONSTANT_CONVERSION = YES;
				CLANG_WARN_DEPRECATED_OBJC_IMPLEMENTATIONS = YES;
				CLANG_WARN_DIRECT_OBJC_ISA_USAGE = YES_ERROR;
				CLANG_WARN_DOCUMENTATION_COMMENTS = YES;
				CLANG_WARN_EMPTY_BODY = YES;
				CLANG_WARN_ENUM_CONVERSION = YES;
				CLANG_WARN_INFINITE_RECURSION = YES;
				CLANG_WARN_INT_CONVERSION = YES;
				CLANG_WARN_NON_LITERAL_NULL_CONVERSION = YES;
				CLANG_WARN_OBJC_IMPLICIT_RETAIN_SELF = YES;
				CLANG_WARN_OBJC_LITERAL_CONVERSION = YES;
				CLANG_WARN_OBJC_ROOT_CLASS = YES_ERROR;
				CLANG_WARN_QUOTED_INCLUDE_IN_FRAMEWORK_HEADER = YES;
				CLANG_WARN_RANGE_LOOP_ANALYSIS = YES;
				CLANG_WARN_STRICT_PROTOTYPES = YES;
				CLANG_WARN_SUSPICIOUS_MOVE = YES;
				CLANG_WARN_UNGUARDED_AVAILABILITY = YES_AGGRESSIVE;
				CLANG_WARN_UNREACHABLE_CODE = YES;
				CLANG_WARN__DUPLICATE_METHOD_MATCH = YES;
				COPY_PHASE_STRIP = NO;
				DEBUG_INFORMATION_FORMAT = dwarf;
				ENABLE_STRICT_OBJC_MSGSEND = YES;
				ENABLE_TESTABILITY = YES;
				GCC_C_LANGUAGE_STANDARD = gnu11;
				GCC_DYNAMIC_NO_PIC = NO;
				GCC_NO_COMMON_BLOCKS = YES;
				GCC_OPTIMIZATION_LEVEL = 0;
				GCC_PREPROCESSOR_DEFINITIONS = (
					"DEBUG=1",
					"$(inherited)",
				);
				GCC_WARN_64_TO_32_BIT_CONVERSION = YES;
				GCC_WARN_ABOUT_RETURN_TYPE = YES_ERROR;
				GCC_WARN_UNDECLARED_SELECTOR = YES;
				GCC_WARN_UNINITIALIZED_AUTOS = YES_AGGRESSIVE;
				GCC_WARN_UNUSED_FUNCTION = YES;
				GCC_WARN_UNUSED_VARIABLE = YES;
				IPHONEOS_DEPLOYMENT_TARGET = 15.2;
				MTL_ENABLE_DEBUG_INFO = INCLUDE_SOURCE;
				MTL_FAST_MATH = YES;
				ONLY_ACTIVE_ARCH = YES;
				SDKROOT = iphoneos;
				SWIFT_ACTIVE_COMPILATION_CONDITIONS = DEBUG;
				SWIFT_OPTIMIZATION_LEVEL = "-Onone";
			};
			name = Debug;
		};
		40C08E1727767026001E93DE /* Release */ = {
			isa = XCBuildConfiguration;
			buildSettings = {
				ALWAYS_SEARCH_USER_PATHS = NO;
				CLANG_ANALYZER_NONNULL = YES;
				CLANG_ANALYZER_NUMBER_OBJECT_CONVERSION = YES_AGGRESSIVE;
				CLANG_CXX_LANGUAGE_STANDARD = "gnu++17";
				CLANG_CXX_LIBRARY = "libc++";
				CLANG_ENABLE_MODULES = YES;
				CLANG_ENABLE_OBJC_ARC = YES;
				CLANG_ENABLE_OBJC_WEAK = YES;
				CLANG_WARN_BLOCK_CAPTURE_AUTORELEASING = YES;
				CLANG_WARN_BOOL_CONVERSION = YES;
				CLANG_WARN_COMMA = YES;
				CLANG_WARN_CONSTANT_CONVERSION = YES;
				CLANG_WARN_DEPRECATED_OBJC_IMPLEMENTATIONS = YES;
				CLANG_WARN_DIRECT_OBJC_ISA_USAGE = YES_ERROR;
				CLANG_WARN_DOCUMENTATION_COMMENTS = YES;
				CLANG_WARN_EMPTY_BODY = YES;
				CLANG_WARN_ENUM_CONVERSION = YES;
				CLANG_WARN_INFINITE_RECURSION = YES;
				CLANG_WARN_INT_CONVERSION = YES;
				CLANG_WARN_NON_LITERAL_NULL_CONVERSION = YES;
				CLANG_WARN_OBJC_IMPLICIT_RETAIN_SELF = YES;
				CLANG_WARN_OBJC_LITERAL_CONVERSION = YES;
				CLANG_WARN_OBJC_ROOT_CLASS = YES_ERROR;
				CLANG_WARN_QUOTED_INCLUDE_IN_FRAMEWORK_HEADER = YES;
				CLANG_WARN_RANGE_LOOP_ANALYSIS = YES;
				CLANG_WARN_STRICT_PROTOTYPES = YES;
				CLANG_WARN_SUSPICIOUS_MOVE = YES;
				CLANG_WARN_UNGUARDED_AVAILABILITY = YES_AGGRESSIVE;
				CLANG_WARN_UNREACHABLE_CODE = YES;
				CLANG_WARN__DUPLICATE_METHOD_MATCH = YES;
				COPY_PHASE_STRIP = NO;
				DEBUG_INFORMATION_FORMAT = "dwarf-with-dsym";
				ENABLE_NS_ASSERTIONS = NO;
				ENABLE_STRICT_OBJC_MSGSEND = YES;
				GCC_C_LANGUAGE_STANDARD = gnu11;
				GCC_NO_COMMON_BLOCKS = YES;
				GCC_WARN_64_TO_32_BIT_CONVERSION = YES;
				GCC_WARN_ABOUT_RETURN_TYPE = YES_ERROR;
				GCC_WARN_UNDECLARED_SELECTOR = YES;
				GCC_WARN_UNINITIALIZED_AUTOS = YES_AGGRESSIVE;
				GCC_WARN_UNUSED_FUNCTION = YES;
				GCC_WARN_UNUSED_VARIABLE = YES;
				IPHONEOS_DEPLOYMENT_TARGET = 15.2;
				MTL_ENABLE_DEBUG_INFO = NO;
				MTL_FAST_MATH = YES;
				SDKROOT = iphoneos;
				SWIFT_COMPILATION_MODE = wholemodule;
				SWIFT_OPTIMIZATION_LEVEL = "-O";
				VALIDATE_PRODUCT = YES;
			};
			name = Release;
		};
		40C08E1927767026001E93DE /* Debug */ = {
			isa = XCBuildConfiguration;
			buildSettings = {
				ASSETCATALOG_COMPILER_APPICON_NAME = AppIcon;
				ASSETCATALOG_COMPILER_GLOBAL_ACCENT_COLOR_NAME = AccentColor;
				CODE_SIGN_STYLE = Automatic;
				CURRENT_PROJECT_VERSION = 1;
				DEVELOPMENT_ASSET_PATHS = "\"messageBox/Preview Content\"";
				DEVELOPMENT_TEAM = 3W24Y33S5Y;
				ENABLE_PREVIEWS = YES;
				GENERATE_INFOPLIST_FILE = YES;
				INFOPLIST_KEY_UIApplicationSceneManifest_Generation = YES;
				INFOPLIST_KEY_UIApplicationSupportsIndirectInputEvents = YES;
				INFOPLIST_KEY_UILaunchScreen_Generation = YES;
				INFOPLIST_KEY_UISupportedInterfaceOrientations_iPad = "UIInterfaceOrientationPortrait UIInterfaceOrientationPortraitUpsideDown UIInterfaceOrientationLandscapeLeft UIInterfaceOrientationLandscapeRight";
				INFOPLIST_KEY_UISupportedInterfaceOrientations_iPhone = "UIInterfaceOrientationPortrait UIInterfaceOrientationLandscapeLeft UIInterfaceOrientationLandscapeRight";
				LD_RUNPATH_SEARCH_PATHS = (
					"$(inherited)",
					"@executable_path/Frameworks",
				);
				MARKETING_VERSION = 1.0;
				PRODUCT_BUNDLE_IDENTIFIER = donalhiggins.messageBox;
				PRODUCT_NAME = "$(TARGET_NAME)";
				SWIFT_EMIT_LOC_STRINGS = YES;
				SWIFT_VERSION = 5.0;
				TARGETED_DEVICE_FAMILY = "1,2";
			};
			name = Debug;
		};
		40C08E1A27767026001E93DE /* Release */ = {
			isa = XCBuildConfiguration;
			buildSettings = {
				ASSETCATALOG_COMPILER_APPICON_NAME = AppIcon;
				ASSETCATALOG_COMPILER_GLOBAL_ACCENT_COLOR_NAME = AccentColor;
				CODE_SIGN_STYLE = Automatic;
				CURRENT_PROJECT_VERSION = 1;
				DEVELOPMENT_ASSET_PATHS = "\"messageBox/Preview Content\"";
				DEVELOPMENT_TEAM = 3W24Y33S5Y;
				ENABLE_PREVIEWS = YES;
				GENERATE_INFOPLIST_FILE = YES;
				INFOPLIST_KEY_UIApplicationSceneManifest_Generation = YES;
				INFOPLIST_KEY_UIApplicationSupportsIndirectInputEvents = YES;
				INFOPLIST_KEY_UILaunchScreen_Generation = YES;
				INFOPLIST_KEY_UISupportedInterfaceOrientations_iPad = "UIInterfaceOrientationPortrait UIInterfaceOrientationPortraitUpsideDown UIInterfaceOrientationLandscapeLeft UIInterfaceOrientationLandscapeRight";
				INFOPLIST_KEY_UISupportedInterfaceOrientations_iPhone = "UIInterfaceOrientationPortrait UIInterfaceOrientationLandscapeLeft UIInterfaceOrientationLandscapeRight";
				LD_RUNPATH_SEARCH_PATHS = (
					"$(inherited)",
					"@executable_path/Frameworks",
				);
				MARKETING_VERSION = 1.0;
				PRODUCT_BUNDLE_IDENTIFIER = donalhiggins.messageBox;
				PRODUCT_NAME = "$(TARGET_NAME)";
				SWIFT_EMIT_LOC_STRINGS = YES;
				SWIFT_VERSION = 5.0;
				TARGETED_DEVICE_FAMILY = "1,2";
			};
			name = Release;
		};
		40C08E1C27767026001E93DE /* Debug */ = {
			isa = XCBuildConfiguration;
			buildSettings = {
				ALWAYS_EMBED_SWIFT_STANDARD_LIBRARIES = YES;
				BUNDLE_LOADER = "$(TEST_HOST)";
				CODE_SIGN_STYLE = Automatic;
				CURRENT_PROJECT_VERSION = 1;
				DEVELOPMENT_TEAM = 3W24Y33S5Y;
				GENERATE_INFOPLIST_FILE = YES;
				IPHONEOS_DEPLOYMENT_TARGET = 15.2;
				MARKETING_VERSION = 1.0;
				PRODUCT_BUNDLE_IDENTIFIER = donalhiggins.messageBoxTests;
				PRODUCT_NAME = "$(TARGET_NAME)";
				SWIFT_EMIT_LOC_STRINGS = NO;
				SWIFT_VERSION = 5.0;
				TARGETED_DEVICE_FAMILY = "1,2";
				TEST_HOST = "$(BUILT_PRODUCTS_DIR)/messageBox.app/messageBox";
			};
			name = Debug;
		};
		40C08E1D27767026001E93DE /* Release */ = {
			isa = XCBuildConfiguration;
			buildSettings = {
				ALWAYS_EMBED_SWIFT_STANDARD_LIBRARIES = YES;
				BUNDLE_LOADER = "$(TEST_HOST)";
				CODE_SIGN_STYLE = Automatic;
				CURRENT_PROJECT_VERSION = 1;
				DEVELOPMENT_TEAM = 3W24Y33S5Y;
				GENERATE_INFOPLIST_FILE = YES;
				IPHONEOS_DEPLOYMENT_TARGET = 15.2;
				MARKETING_VERSION = 1.0;
				PRODUCT_BUNDLE_IDENTIFIER = donalhiggins.messageBoxTests;
				PRODUCT_NAME = "$(TARGET_NAME)";
				SWIFT_EMIT_LOC_STRINGS = NO;
				SWIFT_VERSION = 5.0;
				TARGETED_DEVICE_FAMILY = "1,2";
				TEST_HOST = "$(BUILT_PRODUCTS_DIR)/messageBox.app/messageBox";
			};
			name = Release;
		};
		40C08E1F27767026001E93DE /* Debug */ = {
			isa = XCBuildConfiguration;
			buildSettings = {
				ALWAYS_EMBED_SWIFT_STANDARD_LIBRARIES = YES;
				CODE_SIGN_STYLE = Automatic;
				CURRENT_PROJECT_VERSION = 1;
				DEVELOPMENT_TEAM = 3W24Y33S5Y;
				GENERATE_INFOPLIST_FILE = YES;
				MARKETING_VERSION = 1.0;
				PRODUCT_BUNDLE_IDENTIFIER = donalhiggins.messageBoxUITests;
				PRODUCT_NAME = "$(TARGET_NAME)";
				SWIFT_EMIT_LOC_STRINGS = NO;
				SWIFT_VERSION = 5.0;
				TARGETED_DEVICE_FAMILY = "1,2";
				TEST_TARGET_NAME = messageBox;
			};
			name = Debug;
		};
		40C08E2027767026001E93DE /* Release */ = {
			isa = XCBuildConfiguration;
			buildSettings = {
				ALWAYS_EMBED_SWIFT_STANDARD_LIBRARIES = YES;
				CODE_SIGN_STYLE = Automatic;
				CURRENT_PROJECT_VERSION = 1;
				DEVELOPMENT_TEAM = 3W24Y33S5Y;
				GENERATE_INFOPLIST_FILE = YES;
				MARKETING_VERSION = 1.0;
				PRODUCT_BUNDLE_IDENTIFIER = donalhiggins.messageBoxUITests;
				PRODUCT_NAME = "$(TARGET_NAME)";
				SWIFT_EMIT_LOC_STRINGS = NO;
				SWIFT_VERSION = 5.0;
				TARGETED_DEVICE_FAMILY = "1,2";
				TEST_TARGET_NAME = messageBox;
			};
			name = Release;
		};
/* End XCBuildConfiguration section */

/* Begin XCConfigurationList section */
		40C08DEF27767025001E93DE /* Build configuration list for PBXProject "messageBox" */ = {
			isa = XCConfigurationList;
			buildConfigurations = (
				40C08E1627767026001E93DE /* Debug */,
				40C08E1727767026001E93DE /* Release */,
			);
			defaultConfigurationIsVisible = 0;
			defaultConfigurationName = Release;
		};
		40C08E1827767026001E93DE /* Build configuration list for PBXNativeTarget "messageBox" */ = {
			isa = XCConfigurationList;
			buildConfigurations = (
				40C08E1927767026001E93DE /* Debug */,
				40C08E1A27767026001E93DE /* Release */,
			);
			defaultConfigurationIsVisible = 0;
			defaultConfigurationName = Release;
		};
		40C08E1B27767026001E93DE /* Build configuration list for PBXNativeTarget "messageBoxTests" */ = {
			isa = XCConfigurationList;
			buildConfigurations = (
				40C08E1C27767026001E93DE /* Debug */,
				40C08E1D27767026001E93DE /* Release */,
			);
			defaultConfigurationIsVisible = 0;
			defaultConfigurationName = Release;
		};
		40C08E1E27767026001E93DE /* Build configuration list for PBXNativeTarget "messageBoxUITests" */ = {
			isa = XCConfigurationList;
			buildConfigurations = (
				40C08E1F27767026001E93DE /* Debug */,
				40C08E2027767026001E93DE /* Release */,
			);
			defaultConfigurationIsVisible = 0;
			defaultConfigurationName = Release;
		};
/* End XCConfigurationList section */
	};
	rootObject = 40C08DEC27767025001E93DE /* Project object */;
}
